
Microsoft Visual Studio Solution File, Format Version 12.00
# Visual Studio Version 16
VisualStudioVersion = 16.0.30114.105
MinimumVisualStudioVersion = 10.0.40219.1
Project("{FAE04EC0-301F-11D3-BF4B-00C04F79EFBC}") = "GitTrain4", "GitTrain4\GitTrain4.csproj", "{C786045D-FB8E-4AC5-A256-3F2B66677FF4}"
EndProject
Global
	GlobalSection(SolutionConfigurationPlatforms) = preSolution
		Debug|Any CPU = Debug|Any CPU
		Release|Any CPU = Release|Any CPU
	EndGlobalSection
	GlobalSection(ProjectConfigurationPlatforms) = postSolution
		{C786045D-FB8E-4AC5-A256-3F2B66677FF4}.Debug|Any CPU.ActiveCfg = Debug|Any CPU
		{C786045D-FB8E-4AC5-A256-3F2B66677FF4}.Debug|Any CPU.Build.0 = Debug|Any CPU
		{C786045D-FB8E-4AC5-A256-3F2B66677FF4}.Release|Any CPU.ActiveCfg = Release|Any CPU
		{C786045D-FB8E-4AC5-A256-3F2B66677FF4}.Release|Any CPU.Build.0 = Release|Any CPU
	EndGlobalSection
	GlobalSection(SolutionProperties) = preSolution
		HideSolutionNode = FALSE
	EndGlobalSection
	GlobalSection(ExtensibilityGlobals) = postSolution
		SolutionGuid = {1A8E3E5A-DD69-4FDF-BA67-3DAD76CFDC7B}
	EndGlobalSection
EndGlobal
